
Microsoft Visual Studio Solution File, Format Version 12.00
Project("{FAE04EC0-301F-11D3-BF4B-00C04F79EFBC}") = "Models", "Models\Models.csproj", "{607BC0A3-F83D-4524-92D0-72A06FD6F978}"
EndProject
Global
	GlobalSection(SolutionConfigurationPlatforms) = preSolution
		Debug|Any CPU = Debug|Any CPU
		Release|Any CPU = Release|Any CPU
	EndGlobalSection
	GlobalSection(ProjectConfigurationPlatforms) = postSolution
		{607BC0A3-F83D-4524-92D0-72A06FD6F978}.Debug|Any CPU.ActiveCfg = Debug|Any CPU
		{607BC0A3-F83D-4524-92D0-72A06FD6F978}.Debug|Any CPU.Build.0 = Debug|Any CPU
		{607BC0A3-F83D-4524-92D0-72A06FD6F978}.Release|Any CPU.ActiveCfg = Release|Any CPU
		{607BC0A3-F83D-4524-92D0-72A06FD6F978}.Release|Any CPU.Build.0 = Release|Any CPU
	EndGlobalSection
EndGlobal
